PODS:
  - BoxView (1.6.1)
  - PureLayout (3.1.6)

DEPENDENCIES:
  - BoxView (from `https://github.com/vladimir-d/BoxView.git`)
  - PureLayout

SPEC REPOS:
  trunk:
    - PureLayout

EXTERNAL SOURCES:
  BoxView:
    :git: https://github.com/vladimir-d/BoxView.git

CHECKOUT OPTIONS:
  BoxView:
    :commit: 86711cb61e6796905aff2c7c6eaffda8f61cc7cf
    :git: https://github.com/vladimir-d/BoxView.git

SPEC CHECKSUMS:
  BoxView: 182ab46000f99a6f1529b170d96dff6c583525b9
  PureLayout: bd3c4ec3a3819ad387c99ebb72c6b129c3ed4d2d

PODFILE CHECKSUM: 4a628a79917253a7ff287f0f591377d3b6533af9

COCOAPODS: 1.9.1
